
Microsoft Visual Studio Solution File, Format Version 12.00
Project("{FAE04EC0-301F-11D3-BF4B-00C04F79EFBC}") = "PartialObjectExtractor", "PartialObjectExtractor\PartialObjectExtractor.csproj", "{FF0911AF-9591-41B5-9344-449358FE2040}"
EndProject
Project("{FAE04EC0-301F-11D3-BF4B-00C04F79EFBC}") = "TestPartialQuery", "TestPartialQuery\TestPartialQuery.csproj", "{FE882980-3956-4209-9A7B-385847BF69A8}"
EndProject
Global
	GlobalSection(SolutionConfigurationPlatforms) = preSolution
		Debug|Any CPU = Debug|Any CPU
		Release|Any CPU = Release|Any CPU
	EndGlobalSection
	GlobalSection(ProjectConfigurationPlatforms) = postSolution
		{FF0911AF-9591-41B5-9344-449358FE2040}.Debug|Any CPU.ActiveCfg = Debug|Any CPU
		{FF0911AF-9591-41B5-9344-449358FE2040}.Debug|Any CPU.Build.0 = Debug|Any CPU
		{FF0911AF-9591-41B5-9344-449358FE2040}.Release|Any CPU.ActiveCfg = Release|Any CPU
		{FF0911AF-9591-41B5-9344-449358FE2040}.Release|Any CPU.Build.0 = Release|Any CPU
		{FE882980-3956-4209-9A7B-385847BF69A8}.Debug|Any CPU.ActiveCfg = Debug|Any CPU
		{FE882980-3956-4209-9A7B-385847BF69A8}.Debug|Any CPU.Build.0 = Debug|Any CPU
		{FE882980-3956-4209-9A7B-385847BF69A8}.Release|Any CPU.ActiveCfg = Release|Any CPU
		{FE882980-3956-4209-9A7B-385847BF69A8}.Release|Any CPU.Build.0 = Release|Any CPU
	EndGlobalSection
EndGlobal
